# Generated by buf. DO NOT EDIT.
version: v2
deps:
  - name: buf.build/googleapis/googleapis
    commit: 004180b77378443887d3b55cabc00384
    digest: b5:e8f475fe3330f31f5fd86ac689093bcd274e19611a09db91f41d637cb9197881ce89882b94d13a58738e53c91c6e4bae7dc1feba85f590164c975a89e25115dc
  - name: buf.build/protocolbuffers/wellknowntypes
    commit: 4e1ccfa6827947beb55974645a315b8d
    digest: b5:eb5228b1abd02064d6ff0248918500c1ec1ce7df69126af3f220c0b67d81ff45bdf9f016a8e66cd9c1e534f18afc6d8e090d400604c5331d551a68d05f7e7be9
